
Microsoft Visual Studio Solution File, Format Version 12.00
# Visual Studio Version 17
VisualStudioVersion = 17.0.31903.59
MinimumVisualStudioVersion = 10.0.40219.1
Project("{FAE04EC0-301F-11D3-BF4B-00C04F79EFBC}") = "src", "src\src.csproj", "{F520FC24-D856-4A6C-B462-200FD4EE8DF9}"
EndProject
Project("{2150E333-8FDC-42A3-9474-1A3956D46DE8}") = "doc", "doc", "{7E35D32E-95A7-43C0-8753-59E5BD4618E8}"
EndProject
Project("{2150E333-8FDC-42A3-9474-1A3956D46DE8}") = "examples", "examples", "{36B84064-F0E4-4C72-96CF-BCC9346CB860}"
EndProject
Project("{2150E333-8FDC-42A3-9474-1A3956D46DE8}") = "algorithms", "algorithms", "{A9DD15A4-9633-49A6-91CF-ECAA0B415232}"
EndProject
Project("{FAE04EC0-301F-11D3-BF4B-00C04F79EFBC}") = "breadthfirstsearch", "doc\examples\algorithms\breadthfirstsearch\breadthfirstsearch.csproj", "{F802814B-59CC-478B-8BDB-CFF226C37212}"
EndProject
Project("{FAE04EC0-301F-11D3-BF4B-00C04F79EFBC}") = "depthfirstsearch", "doc\examples\algorithms\depthfirstsearch\depthfirstsearch.csproj", "{53757F39-645F-44AC-BD1B-26D467C276E9}"
EndProject
Project("{FAE04EC0-301F-11D3-BF4B-00C04F79EFBC}") = "dijkstra", "doc\examples\algorithms\dijkstra\dijkstra.csproj", "{E34386BB-3638-4B36-A14E-424D4AD40A31}"
EndProject
Project("{FAE04EC0-301F-11D3-BF4B-00C04F79EFBC}") = "insertionsort", "doc\examples\algorithms\insertionsort\insertionsort.csproj", "{FF7C9EA2-5F2B-4452-A6E6-C615361A5532}"
EndProject
Project("{FAE04EC0-301F-11D3-BF4B-00C04F79EFBC}") = "jarowinkler", "doc\examples\algorithms\jarowinkler\jarowinkler.csproj", "{20962D5C-7821-4C63-8DC6-941BD4D90C08}"
EndProject
Project("{FAE04EC0-301F-11D3-BF4B-00C04F79EFBC}") = "kruskal", "doc\examples\algorithms\kruskal\kruskal.csproj", "{98D45C54-2044-4CCC-A9C2-EE2DBC0CF5AD}"
EndProject
Project("{FAE04EC0-301F-11D3-BF4B-00C04F79EFBC}") = "mergesort", "doc\examples\algorithms\mergesort\mergesort.csproj", "{D49DA144-E966-4811-879A-CF7157B8E02B}"
EndProject
Project("{FAE04EC0-301F-11D3-BF4B-00C04F79EFBC}") = "prim", "doc\examples\algorithms\prim\prim.csproj", "{054E95B4-FB2F-47B0-A764-790330AA6EA4}"
EndProject
Project("{FAE04EC0-301F-11D3-BF4B-00C04F79EFBC}") = "quicksort", "doc\examples\algorithms\quicksort\quicksort.csproj", "{4A931912-F935-4AD0-B723-B164367B1C3A}"
EndProject
Project("{2150E333-8FDC-42A3-9474-1A3956D46DE8}") = "datastructures", "datastructures", "{B7A525F7-C389-4722-B6F4-6E4809D14FEF}"
EndProject
Project("{FAE04EC0-301F-11D3-BF4B-00C04F79EFBC}") = "avltree", "doc\examples\datastructures\avltree\avltree.csproj", "{FF1C8FB4-4F1D-4A57-BBC6-6D6660CBF912}"
EndProject
Project("{FAE04EC0-301F-11D3-BF4B-00C04F79EFBC}") = "binarysearchtree", "doc\examples\datastructures\binarysearchtree\binarysearchtree.csproj", "{ABDB18F7-60FE-4FAD-A635-6DA11A9E9806}"
EndProject
Project("{FAE04EC0-301F-11D3-BF4B-00C04F79EFBC}") = "dictionary", "doc\examples\datastructures\dictionary\dictionary.csproj", "{9A9C32FA-B293-4AD6-A903-AD61AD9EF887}"
EndProject
Project("{FAE04EC0-301F-11D3-BF4B-00C04F79EFBC}") = "doublelinkedlist", "doc\examples\datastructures\doublelinkedlist\doublelinkedlist.csproj", "{525108CF-1EB9-469B-A01B-1A6D5A96C15A}"
EndProject
Project("{FAE04EC0-301F-11D3-BF4B-00C04F79EFBC}") = "generaltree", "doc\examples\datastructures\generaltree\generaltree.csproj", "{1B1DBCBE-941E-4E92-B7B3-E0017823E8B7}"
EndProject
Project("{FAE04EC0-301F-11D3-BF4B-00C04F79EFBC}") = "graph", "doc\examples\datastructures\graph\graph.csproj", "{F27EF11E-74A9-4EEA-A349-25FE32E3B80B}"
EndProject
Project("{FAE04EC0-301F-11D3-BF4B-00C04F79EFBC}") = "hashtable", "doc\examples\datastructures\hashtable\hashtable.csproj", "{8239C423-9A89-464B-9B6D-15ED55DB3D76}"
EndProject
Project("{FAE04EC0-301F-11D3-BF4B-00C04F79EFBC}") = "heap", "doc\examples\datastructures\heap\heap.csproj", "{BC9F702C-F0BA-4AE5-8342-73EB6F54F652}"
EndProject
Project("{FAE04EC0-301F-11D3-BF4B-00C04F79EFBC}") = "priorityqueue", "doc\examples\datastructures\priorityqueue\priorityqueue.csproj", "{AC7455EE-6FD0-4EDE-8620-7452D0E14CE9}"
EndProject
Project("{FAE04EC0-301F-11D3-BF4B-00C04F79EFBC}") = "queue", "doc\examples\datastructures\queue\queue.csproj", "{39630322-16B8-40C1-AEF8-75A0F7C5E8DA}"
EndProject
Project("{FAE04EC0-301F-11D3-BF4B-00C04F79EFBC}") = "stack", "doc\examples\datastructures\stack\stack.csproj", "{BACF133A-C961-41EE-A3CD-90A7111C5E81}"
EndProject
Project("{FAE04EC0-301F-11D3-BF4B-00C04F79EFBC}") = "unionfind", "doc\examples\datastructures\unionfind\unionfind.csproj", "{A2632466-1CEE-442D-8DF6-580F3642DEF5}"
EndProject
Project("{FAE04EC0-301F-11D3-BF4B-00C04F79EFBC}") = "weightedgraph", "doc\examples\datastructures\weightedgraph\weightedgraph.csproj", "{43BE8972-8594-4403-8002-5105E8367325}"
EndProject
Project("{FAE04EC0-301F-11D3-BF4B-00C04F79EFBC}") = "btree", "doc\examples\datastructures\btree\btree.csproj", "{0A7CBF86-D9E7-4CEA-AD44-258075944CF8}"
EndProject
Project("{FAE04EC0-301F-11D3-BF4B-00C04F79EFBC}") = "selectionsort", "doc\examples\algorithms\selectionsort\selectionsort.csproj", "{F2F36DF0-EC84-4669-BD38-15646550F678}"
EndProject
Project("{2150E333-8FDC-42A3-9474-1A3956D46DE8}") = "tests", "tests", "{ED087B52-831B-4520-8AF8-48B3BEF79636}"
EndProject
Project("{2150E333-8FDC-42A3-9474-1A3956D46DE8}") = "FHS", "FHS", "{835918F4-277E-402F-BF2F-BFA9C5C3155B}"
EndProject
Project("{2150E333-8FDC-42A3-9474-1A3956D46DE8}") = "CT", "CT", "{72E708F8-26A3-41A3-9096-7D1973D91A40}"
EndProject
Project("{2150E333-8FDC-42A3-9474-1A3956D46DE8}") = "AlgoDat", "AlgoDat", "{BBA5BF34-2C8A-48E7-8170-716146FF8815}"
EndProject
Project("{2150E333-8FDC-42A3-9474-1A3956D46DE8}") = "Algorithms", "Algorithms", "{B8ABC7FE-6FD2-4A50-852F-35E675B8AB9C}"
EndProject
Project("{FAE04EC0-301F-11D3-BF4B-00C04F79EFBC}") = "Sorting", "tests\FHS\CT\AlgoDat\Algorithms\Sorting\Sorting.csproj", "{760702AB-FC0A-4873-87D4-DFC0B534EC94}"
EndProject
Project("{2150E333-8FDC-42A3-9474-1A3956D46DE8}") = "DataStructures", "DataStructures", "{03103E8D-5474-41F5-9389-A41D14A53087}"
EndProject
Project("{FAE04EC0-301F-11D3-BF4B-00C04F79EFBC}") = "AVLTree", "tests\FHS\CT\AlgoDat\DataStructures\AVLTree\AVLTree.csproj", "{5C6F8E4F-7E71-4EFB-95E0-721745876D7B}"
EndProject
Project("{FAE04EC0-301F-11D3-BF4B-00C04F79EFBC}") = "BinarySearchTree", "tests\FHS\CT\AlgoDat\DataStructures\BinarySearchTree\BinarySearchTree.csproj", "{FD72D771-1E5F-4FFB-BBE6-CA9177A8F57B}"
EndProject
Project("{FAE04EC0-301F-11D3-BF4B-00C04F79EFBC}") = "BTree", "tests\FHS\CT\AlgoDat\DataStructures\BTree\BTree.csproj", "{BD110CFD-12B8-48B6-A588-730263358782}"
EndProject
Project("{FAE04EC0-301F-11D3-BF4B-00C04F79EFBC}") = "DoubleLinkedList", "tests\FHS\CT\AlgoDat\DataStructures\DoubleLinkedList\DoubleLinkedList.csproj", "{D481BD91-5AC2-4B35-AE93-7A5DAC28777B}"
EndProject
Project("{FAE04EC0-301F-11D3-BF4B-00C04F79EFBC}") = "HashTable", "tests\FHS\CT\AlgoDat\DataStructures\HashTable\HashTable.csproj", "{A8B154CD-86FD-487F-8F4C-F27090CCF58F}"
EndProject
Project("{FAE04EC0-301F-11D3-BF4B-00C04F79EFBC}") = "Queue", "tests\FHS\CT\AlgoDat\DataStructures\Queue\Queue.csproj", "{6C458A45-699B-4F44-8F93-CB0B6CCEEB52}"
EndProject
Project("{FAE04EC0-301F-11D3-BF4B-00C04F79EFBC}") = "Stack", "tests\FHS\CT\AlgoDat\DataStructures\Stack\Stack.csproj", "{2A60303C-4236-49BA-BAF0-04ED41326AAE}"
EndProject
Project("{FAE04EC0-301F-11D3-BF4B-00C04F79EFBC}") = "Dictionary", "tests\FHS\CT\AlgoDat\DataStructures\Dictionary\Dictionary.csproj", "{77A90ADF-BAA1-4EAA-A9B0-78FD7BCBF0DE}"
EndProject
Project("{FAE04EC0-301F-11D3-BF4B-00C04F79EFBC}") = "MinHeap", "tests\FHS\CT\AlgoDat\DataStructures\MinHeap\MinHeap.csproj", "{C55EF396-E572-41A6-A010-C7BC06819592}"
EndProject
Project("{FAE04EC0-301F-11D3-BF4B-00C04F79EFBC}") = "PriorityQueue", "tests\FHS\CT\AlgoDat\DataStructures\PriorityQueue\PriorityQueue.csproj", "{DC64BBB6-038B-48B4-8EFE-9C62D80BC5E8}"
EndProject
Project("{FAE04EC0-301F-11D3-BF4B-00C04F79EFBC}") = "Graph", "tests\FHS\CT\AlgoDat\DataStructures\Graph\Graph.csproj", "{9F5B1C7A-0743-403D-B47F-C78E06A153FA}"
EndProject
Project("{FAE04EC0-301F-11D3-BF4B-00C04F79EFBC}") = "WeightedGraph", "tests\FHS\CT\AlgoDat\DataStructures\WeightedGraph\WeightedGraph.csproj", "{80E23EFA-F7BA-4AEA-B132-A9C27D00FF65}"
EndProject
Project("{FAE04EC0-301F-11D3-BF4B-00C04F79EFBC}") = "UnionFind", "tests\FHS\CT\AlgoDat\DataStructures\UnionFind\UnionFind.csproj", "{0568307E-8412-46E3-8DD8-9708C30C5BB1}"
EndProject
Project("{FAE04EC0-301F-11D3-BF4B-00C04F79EFBC}") = "BreadthFirstSearch", "tests\FHS\CT\AlgoDat\Algorithms\BreadthFirstSearch\BreadthFirstSearch.csproj", "{4514CE8D-8EFE-4DC9-977B-95EC95CD02AD}"
EndProject
Project("{FAE04EC0-301F-11D3-BF4B-00C04F79EFBC}") = "DepthFirstSearch", "tests\FHS\CT\AlgoDat\Algorithms\DepthFirstSearch\DepthFirstSearch.csproj", "{4A3171AB-4328-4A80-9F71-74A303A0B8B3}"
EndProject
Global
	GlobalSection(SolutionConfigurationPlatforms) = preSolution
		Debug|Any CPU = Debug|Any CPU
		Release|Any CPU = Release|Any CPU
	EndGlobalSection
	GlobalSection(SolutionProperties) = preSolution
		HideSolutionNode = FALSE
	EndGlobalSection
	GlobalSection(ProjectConfigurationPlatforms) = postSolution
		{F520FC24-D856-4A6C-B462-200FD4EE8DF9}.Debug|Any CPU.ActiveCfg = Debug|Any CPU
		{F520FC24-D856-4A6C-B462-200FD4EE8DF9}.Debug|Any CPU.Build.0 = Debug|Any CPU
		{F520FC24-D856-4A6C-B462-200FD4EE8DF9}.Release|Any CPU.ActiveCfg = Release|Any CPU
		{F520FC24-D856-4A6C-B462-200FD4EE8DF9}.Release|Any CPU.Build.0 = Release|Any CPU
		{F802814B-59CC-478B-8BDB-CFF226C37212}.Debug|Any CPU.ActiveCfg = Debug|Any CPU
		{F802814B-59CC-478B-8BDB-CFF226C37212}.Debug|Any CPU.Build.0 = Debug|Any CPU
		{F802814B-59CC-478B-8BDB-CFF226C37212}.Release|Any CPU.ActiveCfg = Release|Any CPU
		{F802814B-59CC-478B-8BDB-CFF226C37212}.Release|Any CPU.Build.0 = Release|Any CPU
		{53757F39-645F-44AC-BD1B-26D467C276E9}.Debug|Any CPU.ActiveCfg = Debug|Any CPU
		{53757F39-645F-44AC-BD1B-26D467C276E9}.Debug|Any CPU.Build.0 = Debug|Any CPU
		{53757F39-645F-44AC-BD1B-26D467C276E9}.Release|Any CPU.ActiveCfg = Release|Any CPU
		{53757F39-645F-44AC-BD1B-26D467C276E9}.Release|Any CPU.Build.0 = Release|Any CPU
		{E34386BB-3638-4B36-A14E-424D4AD40A31}.Debug|Any CPU.ActiveCfg = Debug|Any CPU
		{E34386BB-3638-4B36-A14E-424D4AD40A31}.Debug|Any CPU.Build.0 = Debug|Any CPU
		{E34386BB-3638-4B36-A14E-424D4AD40A31}.Release|Any CPU.ActiveCfg = Release|Any CPU
		{E34386BB-3638-4B36-A14E-424D4AD40A31}.Release|Any CPU.Build.0 = Release|Any CPU
		{FF7C9EA2-5F2B-4452-A6E6-C615361A5532}.Debug|Any CPU.ActiveCfg = Debug|Any CPU
		{FF7C9EA2-5F2B-4452-A6E6-C615361A5532}.Debug|Any CPU.Build.0 = Debug|Any CPU
		{FF7C9EA2-5F2B-4452-A6E6-C615361A5532}.Release|Any CPU.ActiveCfg = Release|Any CPU
		{FF7C9EA2-5F2B-4452-A6E6-C615361A5532}.Release|Any CPU.Build.0 = Release|Any CPU
		{20962D5C-7821-4C63-8DC6-941BD4D90C08}.Debug|Any CPU.ActiveCfg = Debug|Any CPU
		{20962D5C-7821-4C63-8DC6-941BD4D90C08}.Debug|Any CPU.Build.0 = Debug|Any CPU
		{20962D5C-7821-4C63-8DC6-941BD4D90C08}.Release|Any CPU.ActiveCfg = Release|Any CPU
		{20962D5C-7821-4C63-8DC6-941BD4D90C08}.Release|Any CPU.Build.0 = Release|Any CPU
		{98D45C54-2044-4CCC-A9C2-EE2DBC0CF5AD}.Debug|Any CPU.ActiveCfg = Debug|Any CPU
		{98D45C54-2044-4CCC-A9C2-EE2DBC0CF5AD}.Debug|Any CPU.Build.0 = Debug|Any CPU
		{98D45C54-2044-4CCC-A9C2-EE2DBC0CF5AD}.Release|Any CPU.ActiveCfg = Release|Any CPU
		{98D45C54-2044-4CCC-A9C2-EE2DBC0CF5AD}.Release|Any CPU.Build.0 = Release|Any CPU
		{D49DA144-E966-4811-879A-CF7157B8E02B}.Debug|Any CPU.ActiveCfg = Debug|Any CPU
		{D49DA144-E966-4811-879A-CF7157B8E02B}.Debug|Any CPU.Build.0 = Debug|Any CPU
		{D49DA144-E966-4811-879A-CF7157B8E02B}.Release|Any CPU.ActiveCfg = Release|Any CPU
		{D49DA144-E966-4811-879A-CF7157B8E02B}.Release|Any CPU.Build.0 = Release|Any CPU
		{054E95B4-FB2F-47B0-A764-790330AA6EA4}.Debug|Any CPU.ActiveCfg = Debug|Any CPU
		{054E95B4-FB2F-47B0-A764-790330AA6EA4}.Debug|Any CPU.Build.0 = Debug|Any CPU
		{054E95B4-FB2F-47B0-A764-790330AA6EA4}.Release|Any CPU.ActiveCfg = Release|Any CPU
		{054E95B4-FB2F-47B0-A764-790330AA6EA4}.Release|Any CPU.Build.0 = Release|Any CPU
		{4A931912-F935-4AD0-B723-B164367B1C3A}.Debug|Any CPU.ActiveCfg = Debug|Any CPU
		{4A931912-F935-4AD0-B723-B164367B1C3A}.Debug|Any CPU.Build.0 = Debug|Any CPU
		{4A931912-F935-4AD0-B723-B164367B1C3A}.Release|Any CPU.ActiveCfg = Release|Any CPU
		{4A931912-F935-4AD0-B723-B164367B1C3A}.Release|Any CPU.Build.0 = Release|Any CPU
		{FF1C8FB4-4F1D-4A57-BBC6-6D6660CBF912}.Debug|Any CPU.ActiveCfg = Debug|Any CPU
		{FF1C8FB4-4F1D-4A57-BBC6-6D6660CBF912}.Debug|Any CPU.Build.0 = Debug|Any CPU
		{FF1C8FB4-4F1D-4A57-BBC6-6D6660CBF912}.Release|Any CPU.ActiveCfg = Release|Any CPU
		{FF1C8FB4-4F1D-4A57-BBC6-6D6660CBF912}.Release|Any CPU.Build.0 = Release|Any CPU
		{ABDB18F7-60FE-4FAD-A635-6DA11A9E9806}.Debug|Any CPU.ActiveCfg = Debug|Any CPU
		{ABDB18F7-60FE-4FAD-A635-6DA11A9E9806}.Debug|Any CPU.Build.0 = Debug|Any CPU
		{ABDB18F7-60FE-4FAD-A635-6DA11A9E9806}.Release|Any CPU.ActiveCfg = Release|Any CPU
		{ABDB18F7-60FE-4FAD-A635-6DA11A9E9806}.Release|Any CPU.Build.0 = Release|Any CPU
		{9A9C32FA-B293-4AD6-A903-AD61AD9EF887}.Debug|Any CPU.ActiveCfg = Debug|Any CPU
		{9A9C32FA-B293-4AD6-A903-AD61AD9EF887}.Debug|Any CPU.Build.0 = Debug|Any CPU
		{9A9C32FA-B293-4AD6-A903-AD61AD9EF887}.Release|Any CPU.ActiveCfg = Release|Any CPU
		{9A9C32FA-B293-4AD6-A903-AD61AD9EF887}.Release|Any CPU.Build.0 = Release|Any CPU
		{525108CF-1EB9-469B-A01B-1A6D5A96C15A}.Debug|Any CPU.ActiveCfg = Debug|Any CPU
		{525108CF-1EB9-469B-A01B-1A6D5A96C15A}.Debug|Any CPU.Build.0 = Debug|Any CPU
		{525108CF-1EB9-469B-A01B-1A6D5A96C15A}.Release|Any CPU.ActiveCfg = Release|Any CPU
		{525108CF-1EB9-469B-A01B-1A6D5A96C15A}.Release|Any CPU.Build.0 = Release|Any CPU
		{1B1DBCBE-941E-4E92-B7B3-E0017823E8B7}.Debug|Any CPU.ActiveCfg = Debug|Any CPU
		{1B1DBCBE-941E-4E92-B7B3-E0017823E8B7}.Debug|Any CPU.Build.0 = Debug|Any CPU
		{1B1DBCBE-941E-4E92-B7B3-E0017823E8B7}.Release|Any CPU.ActiveCfg = Release|Any CPU
		{1B1DBCBE-941E-4E92-B7B3-E0017823E8B7}.Release|Any CPU.Build.0 = Release|Any CPU
		{F27EF11E-74A9-4EEA-A349-25FE32E3B80B}.Debug|Any CPU.ActiveCfg = Debug|Any CPU
		{F27EF11E-74A9-4EEA-A349-25FE32E3B80B}.Debug|Any CPU.Build.0 = Debug|Any CPU
		{F27EF11E-74A9-4EEA-A349-25FE32E3B80B}.Release|Any CPU.ActiveCfg = Release|Any CPU
		{F27EF11E-74A9-4EEA-A349-25FE32E3B80B}.Release|Any CPU.Build.0 = Release|Any CPU
		{8239C423-9A89-464B-9B6D-15ED55DB3D76}.Debug|Any CPU.ActiveCfg = Debug|Any CPU
		{8239C423-9A89-464B-9B6D-15ED55DB3D76}.Debug|Any CPU.Build.0 = Debug|Any CPU
		{8239C423-9A89-464B-9B6D-15ED55DB3D76}.Release|Any CPU.ActiveCfg = Release|Any CPU
		{8239C423-9A89-464B-9B6D-15ED55DB3D76}.Release|Any CPU.Build.0 = Release|Any CPU
		{BC9F702C-F0BA-4AE5-8342-73EB6F54F652}.Debug|Any CPU.ActiveCfg = Debug|Any CPU
		{BC9F702C-F0BA-4AE5-8342-73EB6F54F652}.Debug|Any CPU.Build.0 = Debug|Any CPU
		{BC9F702C-F0BA-4AE5-8342-73EB6F54F652}.Release|Any CPU.ActiveCfg = Release|Any CPU
		{BC9F702C-F0BA-4AE5-8342-73EB6F54F652}.Release|Any CPU.Build.0 = Release|Any CPU
		{AC7455EE-6FD0-4EDE-8620-7452D0E14CE9}.Debug|Any CPU.ActiveCfg = Debug|Any CPU
		{AC7455EE-6FD0-4EDE-8620-7452D0E14CE9}.Debug|Any CPU.Build.0 = Debug|Any CPU
		{AC7455EE-6FD0-4EDE-8620-7452D0E14CE9}.Release|Any CPU.ActiveCfg = Release|Any CPU
		{AC7455EE-6FD0-4EDE-8620-7452D0E14CE9}.Release|Any CPU.Build.0 = Release|Any CPU
		{39630322-16B8-40C1-AEF8-75A0F7C5E8DA}.Debug|Any CPU.ActiveCfg = Debug|Any CPU
		{39630322-16B8-40C1-AEF8-75A0F7C5E8DA}.Debug|Any CPU.Build.0 = Debug|Any CPU
		{39630322-16B8-40C1-AEF8-75A0F7C5E8DA}.Release|Any CPU.ActiveCfg = Release|Any CPU
		{39630322-16B8-40C1-AEF8-75A0F7C5E8DA}.Release|Any CPU.Build.0 = Release|Any CPU
		{BACF133A-C961-41EE-A3CD-90A7111C5E81}.Debug|Any CPU.ActiveCfg = Debug|Any CPU
		{BACF133A-C961-41EE-A3CD-90A7111C5E81}.Debug|Any CPU.Build.0 = Debug|Any CPU
		{BACF133A-C961-41EE-A3CD-90A7111C5E81}.Release|Any CPU.ActiveCfg = Release|Any CPU
		{BACF133A-C961-41EE-A3CD-90A7111C5E81}.Release|Any CPU.Build.0 = Release|Any CPU
		{A2632466-1CEE-442D-8DF6-580F3642DEF5}.Debug|Any CPU.ActiveCfg = Debug|Any CPU
		{A2632466-1CEE-442D-8DF6-580F3642DEF5}.Debug|Any CPU.Build.0 = Debug|Any CPU
		{A2632466-1CEE-442D-8DF6-580F3642DEF5}.Release|Any CPU.ActiveCfg = Release|Any CPU
		{A2632466-1CEE-442D-8DF6-580F3642DEF5}.Release|Any CPU.Build.0 = Release|Any CPU
		{43BE8972-8594-4403-8002-5105E8367325}.Debug|Any CPU.ActiveCfg = Debug|Any CPU
		{43BE8972-8594-4403-8002-5105E8367325}.Debug|Any CPU.Build.0 = Debug|Any CPU
		{43BE8972-8594-4403-8002-5105E8367325}.Release|Any CPU.ActiveCfg = Release|Any CPU
		{43BE8972-8594-4403-8002-5105E8367325}.Release|Any CPU.Build.0 = Release|Any CPU
		{0A7CBF86-D9E7-4CEA-AD44-258075944CF8}.Debug|Any CPU.ActiveCfg = Debug|Any CPU
		{0A7CBF86-D9E7-4CEA-AD44-258075944CF8}.Debug|Any CPU.Build.0 = Debug|Any CPU
		{0A7CBF86-D9E7-4CEA-AD44-258075944CF8}.Release|Any CPU.ActiveCfg = Release|Any CPU
		{0A7CBF86-D9E7-4CEA-AD44-258075944CF8}.Release|Any CPU.Build.0 = Release|Any CPU
		{C3BE8C94-EFCC-41AC-A6B0-C5B0CD50905E}.Debug|Any CPU.ActiveCfg = Debug|Any CPU
		{C3BE8C94-EFCC-41AC-A6B0-C5B0CD50905E}.Debug|Any CPU.Build.0 = Debug|Any CPU
		{C3BE8C94-EFCC-41AC-A6B0-C5B0CD50905E}.Release|Any CPU.ActiveCfg = Release|Any CPU
		{C3BE8C94-EFCC-41AC-A6B0-C5B0CD50905E}.Release|Any CPU.Build.0 = Release|Any CPU
		{9F158239-9FA4-4935-BDC0-49564E35F194}.Debug|Any CPU.ActiveCfg = Debug|Any CPU
		{9F158239-9FA4-4935-BDC0-49564E35F194}.Debug|Any CPU.Build.0 = Debug|Any CPU
		{9F158239-9FA4-4935-BDC0-49564E35F194}.Release|Any CPU.ActiveCfg = Release|Any CPU
		{9F158239-9FA4-4935-BDC0-49564E35F194}.Release|Any CPU.Build.0 = Release|Any CPU
		{F2F36DF0-EC84-4669-BD38-15646550F678}.Debug|Any CPU.ActiveCfg = Debug|Any CPU
		{F2F36DF0-EC84-4669-BD38-15646550F678}.Debug|Any CPU.Build.0 = Debug|Any CPU
		{F2F36DF0-EC84-4669-BD38-15646550F678}.Release|Any CPU.ActiveCfg = Release|Any CPU
		{F2F36DF0-EC84-4669-BD38-15646550F678}.Release|Any CPU.Build.0 = Release|Any CPU
		{760702AB-FC0A-4873-87D4-DFC0B534EC94}.Debug|Any CPU.ActiveCfg = Debug|Any CPU
		{760702AB-FC0A-4873-87D4-DFC0B534EC94}.Debug|Any CPU.Build.0 = Debug|Any CPU
		{760702AB-FC0A-4873-87D4-DFC0B534EC94}.Release|Any CPU.ActiveCfg = Release|Any CPU
		{760702AB-FC0A-4873-87D4-DFC0B534EC94}.Release|Any CPU.Build.0 = Release|Any CPU
		{5C6F8E4F-7E71-4EFB-95E0-721745876D7B}.Debug|Any CPU.ActiveCfg = Debug|Any CPU
		{5C6F8E4F-7E71-4EFB-95E0-721745876D7B}.Debug|Any CPU.Build.0 = Debug|Any CPU
		{5C6F8E4F-7E71-4EFB-95E0-721745876D7B}.Release|Any CPU.ActiveCfg = Release|Any CPU
		{5C6F8E4F-7E71-4EFB-95E0-721745876D7B}.Release|Any CPU.Build.0 = Release|Any CPU
		{FD72D771-1E5F-4FFB-BBE6-CA9177A8F57B}.Debug|Any CPU.ActiveCfg = Debug|Any CPU
		{FD72D771-1E5F-4FFB-BBE6-CA9177A8F57B}.Debug|Any CPU.Build.0 = Debug|Any CPU
		{FD72D771-1E5F-4FFB-BBE6-CA9177A8F57B}.Release|Any CPU.ActiveCfg = Release|Any CPU
		{FD72D771-1E5F-4FFB-BBE6-CA9177A8F57B}.Release|Any CPU.Build.0 = Release|Any CPU
		{BD110CFD-12B8-48B6-A588-730263358782}.Debug|Any CPU.ActiveCfg = Debug|Any CPU
		{BD110CFD-12B8-48B6-A588-730263358782}.Debug|Any CPU.Build.0 = Debug|Any CPU
		{BD110CFD-12B8-48B6-A588-730263358782}.Release|Any CPU.ActiveCfg = Release|Any CPU
		{BD110CFD-12B8-48B6-A588-730263358782}.Release|Any CPU.Build.0 = Release|Any CPU
		{D481BD91-5AC2-4B35-AE93-7A5DAC28777B}.Debug|Any CPU.ActiveCfg = Debug|Any CPU
		{D481BD91-5AC2-4B35-AE93-7A5DAC28777B}.Debug|Any CPU.Build.0 = Debug|Any CPU
		{D481BD91-5AC2-4B35-AE93-7A5DAC28777B}.Release|Any CPU.ActiveCfg = Release|Any CPU
		{D481BD91-5AC2-4B35-AE93-7A5DAC28777B}.Release|Any CPU.Build.0 = Release|Any CPU
		{A8B154CD-86FD-487F-8F4C-F27090CCF58F}.Debug|Any CPU.ActiveCfg = Debug|Any CPU
		{A8B154CD-86FD-487F-8F4C-F27090CCF58F}.Debug|Any CPU.Build.0 = Debug|Any CPU
		{A8B154CD-86FD-487F-8F4C-F27090CCF58F}.Release|Any CPU.ActiveCfg = Release|Any CPU
		{A8B154CD-86FD-487F-8F4C-F27090CCF58F}.Release|Any CPU.Build.0 = Release|Any CPU
		{6C458A45-699B-4F44-8F93-CB0B6CCEEB52}.Debug|Any CPU.ActiveCfg = Debug|Any CPU
		{6C458A45-699B-4F44-8F93-CB0B6CCEEB52}.Debug|Any CPU.Build.0 = Debug|Any CPU
		{6C458A45-699B-4F44-8F93-CB0B6CCEEB52}.Release|Any CPU.ActiveCfg = Release|Any CPU
		{6C458A45-699B-4F44-8F93-CB0B6CCEEB52}.Release|Any CPU.Build.0 = Release|Any CPU
		{2A60303C-4236-49BA-BAF0-04ED41326AAE}.Debug|Any CPU.ActiveCfg = Debug|Any CPU
		{2A60303C-4236-49BA-BAF0-04ED41326AAE}.Debug|Any CPU.Build.0 = Debug|Any CPU
		{2A60303C-4236-49BA-BAF0-04ED41326AAE}.Release|Any CPU.ActiveCfg = Release|Any CPU
		{2A60303C-4236-49BA-BAF0-04ED41326AAE}.Release|Any CPU.Build.0 = Release|Any CPU
		{77A90ADF-BAA1-4EAA-A9B0-78FD7BCBF0DE}.Debug|Any CPU.ActiveCfg = Debug|Any CPU
		{77A90ADF-BAA1-4EAA-A9B0-78FD7BCBF0DE}.Debug|Any CPU.Build.0 = Debug|Any CPU
		{77A90ADF-BAA1-4EAA-A9B0-78FD7BCBF0DE}.Release|Any CPU.ActiveCfg = Release|Any CPU
		{77A90ADF-BAA1-4EAA-A9B0-78FD7BCBF0DE}.Release|Any CPU.Build.0 = Release|Any CPU
		{C55EF396-E572-41A6-A010-C7BC06819592}.Debug|Any CPU.ActiveCfg = Debug|Any CPU
		{C55EF396-E572-41A6-A010-C7BC06819592}.Debug|Any CPU.Build.0 = Debug|Any CPU
		{C55EF396-E572-41A6-A010-C7BC06819592}.Release|Any CPU.ActiveCfg = Release|Any CPU
		{C55EF396-E572-41A6-A010-C7BC06819592}.Release|Any CPU.Build.0 = Release|Any CPU
		{DC64BBB6-038B-48B4-8EFE-9C62D80BC5E8}.Debug|Any CPU.ActiveCfg = Debug|Any CPU
		{DC64BBB6-038B-48B4-8EFE-9C62D80BC5E8}.Debug|Any CPU.Build.0 = Debug|Any CPU
		{DC64BBB6-038B-48B4-8EFE-9C62D80BC5E8}.Release|Any CPU.ActiveCfg = Release|Any CPU
		{DC64BBB6-038B-48B4-8EFE-9C62D80BC5E8}.Release|Any CPU.Build.0 = Release|Any CPU
		{9F5B1C7A-0743-403D-B47F-C78E06A153FA}.Debug|Any CPU.ActiveCfg = Debug|Any CPU
		{9F5B1C7A-0743-403D-B47F-C78E06A153FA}.Debug|Any CPU.Build.0 = Debug|Any CPU
		{9F5B1C7A-0743-403D-B47F-C78E06A153FA}.Release|Any CPU.ActiveCfg = Release|Any CPU
		{9F5B1C7A-0743-403D-B47F-C78E06A153FA}.Release|Any CPU.Build.0 = Release|Any CPU
		{80E23EFA-F7BA-4AEA-B132-A9C27D00FF65}.Debug|Any CPU.ActiveCfg = Debug|Any CPU
		{80E23EFA-F7BA-4AEA-B132-A9C27D00FF65}.Debug|Any CPU.Build.0 = Debug|Any CPU
		{80E23EFA-F7BA-4AEA-B132-A9C27D00FF65}.Release|Any CPU.ActiveCfg = Release|Any CPU
		{80E23EFA-F7BA-4AEA-B132-A9C27D00FF65}.Release|Any CPU.Build.0 = Release|Any CPU
		{0568307E-8412-46E3-8DD8-9708C30C5BB1}.Debug|Any CPU.ActiveCfg = Debug|Any CPU
		{0568307E-8412-46E3-8DD8-9708C30C5BB1}.Debug|Any CPU.Build.0 = Debug|Any CPU
		{0568307E-8412-46E3-8DD8-9708C30C5BB1}.Release|Any CPU.ActiveCfg = Release|Any CPU
		{0568307E-8412-46E3-8DD8-9708C30C5BB1}.Release|Any CPU.Build.0 = Release|Any CPU
		{4514CE8D-8EFE-4DC9-977B-95EC95CD02AD}.Debug|Any CPU.ActiveCfg = Debug|Any CPU
		{4514CE8D-8EFE-4DC9-977B-95EC95CD02AD}.Debug|Any CPU.Build.0 = Debug|Any CPU
		{4514CE8D-8EFE-4DC9-977B-95EC95CD02AD}.Release|Any CPU.ActiveCfg = Release|Any CPU
		{4514CE8D-8EFE-4DC9-977B-95EC95CD02AD}.Release|Any CPU.Build.0 = Release|Any CPU
		{4A3171AB-4328-4A80-9F71-74A303A0B8B3}.Debug|Any CPU.ActiveCfg = Debug|Any CPU
		{4A3171AB-4328-4A80-9F71-74A303A0B8B3}.Debug|Any CPU.Build.0 = Debug|Any CPU
		{4A3171AB-4328-4A80-9F71-74A303A0B8B3}.Release|Any CPU.ActiveCfg = Release|Any CPU
		{4A3171AB-4328-4A80-9F71-74A303A0B8B3}.Release|Any CPU.Build.0 = Release|Any CPU
	EndGlobalSection
	GlobalSection(NestedProjects) = preSolution
		{36B84064-F0E4-4C72-96CF-BCC9346CB860} = {7E35D32E-95A7-43C0-8753-59E5BD4618E8}
		{A9DD15A4-9633-49A6-91CF-ECAA0B415232} = {36B84064-F0E4-4C72-96CF-BCC9346CB860}
		{F802814B-59CC-478B-8BDB-CFF226C37212} = {A9DD15A4-9633-49A6-91CF-ECAA0B415232}
		{53757F39-645F-44AC-BD1B-26D467C276E9} = {A9DD15A4-9633-49A6-91CF-ECAA0B415232}
		{E34386BB-3638-4B36-A14E-424D4AD40A31} = {A9DD15A4-9633-49A6-91CF-ECAA0B415232}
		{FF7C9EA2-5F2B-4452-A6E6-C615361A5532} = {A9DD15A4-9633-49A6-91CF-ECAA0B415232}
		{20962D5C-7821-4C63-8DC6-941BD4D90C08} = {A9DD15A4-9633-49A6-91CF-ECAA0B415232}
		{98D45C54-2044-4CCC-A9C2-EE2DBC0CF5AD} = {A9DD15A4-9633-49A6-91CF-ECAA0B415232}
		{D49DA144-E966-4811-879A-CF7157B8E02B} = {A9DD15A4-9633-49A6-91CF-ECAA0B415232}
		{054E95B4-FB2F-47B0-A764-790330AA6EA4} = {A9DD15A4-9633-49A6-91CF-ECAA0B415232}
		{4A931912-F935-4AD0-B723-B164367B1C3A} = {A9DD15A4-9633-49A6-91CF-ECAA0B415232}
		{B7A525F7-C389-4722-B6F4-6E4809D14FEF} = {36B84064-F0E4-4C72-96CF-BCC9346CB860}
		{FF1C8FB4-4F1D-4A57-BBC6-6D6660CBF912} = {B7A525F7-C389-4722-B6F4-6E4809D14FEF}
		{ABDB18F7-60FE-4FAD-A635-6DA11A9E9806} = {B7A525F7-C389-4722-B6F4-6E4809D14FEF}
		{9A9C32FA-B293-4AD6-A903-AD61AD9EF887} = {B7A525F7-C389-4722-B6F4-6E4809D14FEF}
		{525108CF-1EB9-469B-A01B-1A6D5A96C15A} = {B7A525F7-C389-4722-B6F4-6E4809D14FEF}
		{1B1DBCBE-941E-4E92-B7B3-E0017823E8B7} = {B7A525F7-C389-4722-B6F4-6E4809D14FEF}
		{F27EF11E-74A9-4EEA-A349-25FE32E3B80B} = {B7A525F7-C389-4722-B6F4-6E4809D14FEF}
		{8239C423-9A89-464B-9B6D-15ED55DB3D76} = {B7A525F7-C389-4722-B6F4-6E4809D14FEF}
		{BC9F702C-F0BA-4AE5-8342-73EB6F54F652} = {B7A525F7-C389-4722-B6F4-6E4809D14FEF}
		{AC7455EE-6FD0-4EDE-8620-7452D0E14CE9} = {B7A525F7-C389-4722-B6F4-6E4809D14FEF}
		{39630322-16B8-40C1-AEF8-75A0F7C5E8DA} = {B7A525F7-C389-4722-B6F4-6E4809D14FEF}
		{BACF133A-C961-41EE-A3CD-90A7111C5E81} = {B7A525F7-C389-4722-B6F4-6E4809D14FEF}
		{A2632466-1CEE-442D-8DF6-580F3642DEF5} = {B7A525F7-C389-4722-B6F4-6E4809D14FEF}
		{43BE8972-8594-4403-8002-5105E8367325} = {B7A525F7-C389-4722-B6F4-6E4809D14FEF}
		{0A7CBF86-D9E7-4CEA-AD44-258075944CF8} = {B7A525F7-C389-4722-B6F4-6E4809D14FEF}
		{F2F36DF0-EC84-4669-BD38-15646550F678} = {A9DD15A4-9633-49A6-91CF-ECAA0B415232}
		{835918F4-277E-402F-BF2F-BFA9C5C3155B} = {ED087B52-831B-4520-8AF8-48B3BEF79636}
		{72E708F8-26A3-41A3-9096-7D1973D91A40} = {835918F4-277E-402F-BF2F-BFA9C5C3155B}
		{BBA5BF34-2C8A-48E7-8170-716146FF8815} = {72E708F8-26A3-41A3-9096-7D1973D91A40}
		{B8ABC7FE-6FD2-4A50-852F-35E675B8AB9C} = {BBA5BF34-2C8A-48E7-8170-716146FF8815}
		{760702AB-FC0A-4873-87D4-DFC0B534EC94} = {B8ABC7FE-6FD2-4A50-852F-35E675B8AB9C}
		{03103E8D-5474-41F5-9389-A41D14A53087} = {BBA5BF34-2C8A-48E7-8170-716146FF8815}
		{5C6F8E4F-7E71-4EFB-95E0-721745876D7B} = {03103E8D-5474-41F5-9389-A41D14A53087}
		{FD72D771-1E5F-4FFB-BBE6-CA9177A8F57B} = {03103E8D-5474-41F5-9389-A41D14A53087}
		{BD110CFD-12B8-48B6-A588-730263358782} = {03103E8D-5474-41F5-9389-A41D14A53087}
		{D481BD91-5AC2-4B35-AE93-7A5DAC28777B} = {03103E8D-5474-41F5-9389-A41D14A53087}
		{A8B154CD-86FD-487F-8F4C-F27090CCF58F} = {03103E8D-5474-41F5-9389-A41D14A53087}
		{6C458A45-699B-4F44-8F93-CB0B6CCEEB52} = {03103E8D-5474-41F5-9389-A41D14A53087}
		{2A60303C-4236-49BA-BAF0-04ED41326AAE} = {03103E8D-5474-41F5-9389-A41D14A53087}
		{77A90ADF-BAA1-4EAA-A9B0-78FD7BCBF0DE} = {03103E8D-5474-41F5-9389-A41D14A53087}
		{C55EF396-E572-41A6-A010-C7BC06819592} = {03103E8D-5474-41F5-9389-A41D14A53087}
		{DC64BBB6-038B-48B4-8EFE-9C62D80BC5E8} = {03103E8D-5474-41F5-9389-A41D14A53087}
		{9F5B1C7A-0743-403D-B47F-C78E06A153FA} = {03103E8D-5474-41F5-9389-A41D14A53087}
		{80E23EFA-F7BA-4AEA-B132-A9C27D00FF65} = {03103E8D-5474-41F5-9389-A41D14A53087}
		{0568307E-8412-46E3-8DD8-9708C30C5BB1} = {03103E8D-5474-41F5-9389-A41D14A53087}
		{4514CE8D-8EFE-4DC9-977B-95EC95CD02AD} = {B8ABC7FE-6FD2-4A50-852F-35E675B8AB9C}
		{4A3171AB-4328-4A80-9F71-74A303A0B8B3} = {B8ABC7FE-6FD2-4A50-852F-35E675B8AB9C}
	EndGlobalSection
EndGlobal
